// !$*UTF8*$!
{
	archiveVersion = 1;
	classes = {
	};
	objectVersion = 50;
	objects = {

/* Begin PBXBuildFile section */
		1305A39321DA6D0B00FEE4DC /* AppDelegate.swift in Sources */ = {isa = PBXBuildFile; fileRef = 1305A39221DA6D0B00FEE4DC /* AppDelegate.swift */; };
		1305A39A21DA6D0B00FEE4DC /* Main.storyboard in Resources */ = {isa = PBXBuildFile; fileRef = 1305A39821DA6D0B00FEE4DC /* Main.storyboard */; };
		1305A39C21DA6D0D00FEE4DC /* Assets.xcassets in Resources */ = {isa = PBXBuildFile; fileRef = 1305A39B21DA6D0D00FEE4DC /* Assets.xcassets */; };
		1305A39F21DA6D0D00FEE4DC /* LaunchScreen.storyboard in Resources */ = {isa = PBXBuildFile; fileRef = 1305A39D21DA6D0D00FEE4DC /* LaunchScreen.storyboard */; };
		1305A3A721DA75D400FEE4DC /* MenuSelectViewController.swift in Sources */ = {isa = PBXBuildFile; fileRef = 1305A3A621DA75D400FEE4DC /* MenuSelectViewController.swift */; };
		1305A3AB21DA87FC00FEE4DC /* MenuViewController.swift in Sources */ = {isa = PBXBuildFile; fileRef = 1305A3AA21DA87FC00FEE4DC /* MenuViewController.swift */; };
/* End PBXBuildFile section */

/* Begin PBXFileReference section */
		1305A38F21DA6D0B00FEE4DC /* dippa_store2.app */ = {isa = PBXFileReference; explicitFileType = wrapper.application; includeInIndex = 0; path = dippa_store2.app; sourceTree = BUILT_PRODUCTS_DIR; };
		1305A39221DA6D0B00FEE4DC /* AppDelegate.swift */ = {isa = PBXFileReference; lastKnownFileType = sourcecode.swift; path = AppDelegate.swift; sourceTree = "<group>"; };
		1305A39921DA6D0B00FEE4DC /* Base */ = {isa = PBXFileReference; lastKnownFileType = file.storyboard; name = Base; path = Base.lproj/Main.storyboard; sourceTree = "<group>"; };
		1305A39B21DA6D0D00FEE4DC /* Assets.xcassets */ = {isa = PBXFileReference; lastKnownFileType = folder.assetcatalog; path = Assets.xcassets; sourceTree = "<group>"; };
		1305A39E21DA6D0D00FEE4DC /* Base */ = {isa = PBXFileReference; lastKnownFileType = file.storyboard; name = Base; path = Base.lproj/LaunchScreen.storyboard; sourceTree = "<group>"; };
		1305A3A021DA6D0D00FEE4DC /* Info.plist */ = {isa = PBXFileReference; lastKnownFileType = text.plist.xml; path = Info.plist; sourceTree = "<group>"; };
		1305A3A621DA75D400FEE4DC /* MenuSelectViewController.swift */ = {isa = PBXFileReference; lastKnownFileType = sourcecode.swift; path = MenuSelectViewController.swift; sourceTree = "<group>"; };
		1305A3AA21DA87FC00FEE4DC /* MenuViewController.swift */ = {isa = PBXFileReference; lastKnownFileType = sourcecode.swift; path = MenuViewController.swift; sourceTree = "<group>"; };
/* End PBXFileReference section */

/* Begin PBXFrameworksBuildPhase section */
		1305A38C21DA6D0B00FEE4DC /* Frameworks */ = {
			isa = PBXFrameworksBuildPhase;
			buildActionMask = 2147483647;
			files = (
			);
			runOnlyForDeploymentPostprocessing = 0;
		};
/* End PBXFrameworksBuildPhase section */

/* Begin PBXGroup section */
		1305A38621DA6D0A00FEE4DC = {
			isa = PBXGroup;
			children = (
				1305A39121DA6D0B00FEE4DC /* dippa_store2 */,
				1305A39021DA6D0B00FEE4DC /* Products */,
			);
			sourceTree = "<group>";
		};
		1305A39021DA6D0B00FEE4DC /* Products */ = {
			isa = PBXGroup;
			children = (
				1305A38F21DA6D0B00FEE4DC /* dippa_store2.app */,
			);
			name = Products;
			sourceTree = "<group>";
		};
		1305A39121DA6D0B00FEE4DC /* dippa_store2 */ = {
			isa = PBXGroup;
			children = (
				1305A39221DA6D0B00FEE4DC /* AppDelegate.swift */,
				1305A3A621DA75D400FEE4DC /* MenuSelectViewController.swift */,
				1305A3AA21DA87FC00FEE4DC /* MenuViewController.swift */,
				1305A39B21DA6D0D00FEE4DC /* Assets.xcassets */,
				1305A39821DA6D0B00FEE4DC /* Main.storyboard */,
				1305A39D21DA6D0D00FEE4DC /* LaunchScreen.storyboard */,
				1305A3A021DA6D0D00FEE4DC /* Info.plist */,
			);
			path = dippa_store2;
			sourceTree = "<group>";
		};
/* End PBXGroup section */

/* Begin PBXNativeTarget section */
		1305A38E21DA6D0B00FEE4DC /* dippa_store2 */ = {
			isa = PBXNativeTarget;
			buildConfigurationList = 1305A3A321DA6D0D00FEE4DC /* Build configuration list for PBXNativeTarget "dippa_store2" */;
			buildPhases = (
				1305A38B21DA6D0B00FEE4DC /* Sources */,
				1305A38C21DA6D0B00FEE4DC /* Frameworks */,
				1305A38D21DA6D0B00FEE4DC /* Resources */,
			);
			buildRules = (
			);
			dependencies = (
			);
			name = dippa_store2;
			productName = dippa_store2;
			productReference = 1305A38F21DA6D0B00FEE4DC /* dippa_store2.app */;
			productType = "com.apple.product-type.application";
		};
/* End PBXNativeTarget section */

/* Begin PBXProject section */
		1305A38721DA6D0A00FEE4DC /* Project object */ = {
			isa = PBXProject;
			attributes = {
				LastSwiftUpdateCheck = 1000;
				LastUpgradeCheck = 1000;
				ORGANIZATIONNAME = "松本直樹";
				TargetAttributes = {
					1305A38E21DA6D0B00FEE4DC = {
						CreatedOnToolsVersion = 10.0;
					};
				};
			};
			buildConfigurationList = 1305A38A21DA6D0A00FEE4DC /* Build configuration list for PBXProject "dippa_store2" */;
			compatibilityVersion = "Xcode 9.3";
			developmentRegion = en;
			hasScannedForEncodings = 0;
			knownRegions = (
				en,
				Base,
			);
			mainGroup = 1305A38621DA6D0A00FEE4DC;
			productRefGroup = 1305A39021DA6D0B00FEE4DC /* Products */;
			projectDirPath = "";
			projectRoot = "";
			targets = (
				1305A38E21DA6D0B00FEE4DC /* dippa_store2 */,
			);
		};
/* End PBXProject section */

/* Begin PBXResourcesBuildPhase section */
		1305A38D21DA6D0B00FEE4DC /* Resources */ = {
			isa = PBXResourcesBuildPhase;
			buildActionMask = 2147483647;
			files = (
				1305A39F21DA6D0D00FEE4DC /* LaunchScreen.storyboard in Resources */,
				1305A39C21DA6D0D00FEE4DC /* Assets.xcassets in Resources */,
				1305A39A21DA6D0B00FEE4DC /* Main.storyboard in Resources */,
			);
			runOnlyForDeploymentPostprocessing = 0;
		};
/* End PBXResourcesBuildPhase section */

/* Begin PBXSourcesBuildPhase section */
		1305A38B21DA6D0B00FEE4DC /* Sources */ = {
			isa = PBXSourcesBuildPhase;
			buildActionMask = 2147483647;
			files = (
				1305A3AB21DA87FC00FEE4DC /* MenuViewController.swift in Sources */,
				1305A3A721DA75D400FEE4DC /* MenuSelectViewController.swift in Sources */,
				1305A39321DA6D0B00FEE4DC /* AppDelegate.swift in Sources */,
			);
			runOnlyForDeploymentPostprocessing = 0;
		};
/* End PBXSourcesBuildPhase section */

/* Begin PBXVariantGroup section */
		1305A39821DA6D0B00FEE4DC /* Main.storyboard */ = {
			isa = PBXVariantGroup;
			children = (
				1305A39921DA6D0B00FEE4DC /* Base */,
			);
			name = Main.storyboard;
			sourceTree = "<group>";
		};
		1305A39D21DA6D0D00FEE4DC /* LaunchScreen.storyboard */ = {
			isa = PBXVariantGroup;
			children = (
				1305A39E21DA6D0D00FEE4DC /* Base */,
			);
			name = LaunchScreen.storyboard;
			sourceTree = "<group>";
		};
/* End PBXVariantGroup section */

/* Begin XCBuildConfiguration section */
		1305A3A121DA6D0D00FEE4DC /* Debug */ = {
			isa = XCBuildConfiguration;
			buildSettings = {
				ALWAYS_SEARCH_USER_PATHS = NO;
				CLANG_ANALYZER_NONNULL = YES;
				CLANG_ANALYZER_NUMBER_OBJECT_CONVERSION = YES_AGGRESSIVE;
				CLANG_CXX_LANGUAGE_STANDARD = "gnu++14";
				CLANG_CXX_LIBRARY = "libc++";
				CLANG_ENABLE_MODULES = YES;
				CLANG_ENABLE_OBJC_ARC = YES;
				CLANG_ENABLE_OBJC_WEAK = YES;
				CLANG_WARN_BLOCK_CAPTURE_AUTORELEASING = YES;
				CLANG_WARN_BOOL_CONVERSION = YES;
				CLANG_WARN_COMMA = YES;
				CLANG_WARN_CONSTANT_CONVERSION = YES;
				CLANG_WARN_DEPRECATED_OBJC_IMPLEMENTATIONS = YES;
				CLANG_WARN_DIRECT_OBJC_ISA_USAGE = YES_ERROR;
				CLANG_WARN_DOCUMENTATION_COMMENTS = YES;
				CLANG_WARN_EMPTY_BODY = YES;
				CLANG_WARN_ENUM_CONVERSION = YES;
				CLANG_WARN_INFINITE_RECURSION = YES;
				CLANG_WARN_INT_CONVERSION = YES;
				CLANG_WARN_NON_LITERAL_NULL_CONVERSION = YES;
				CLANG_WARN_OBJC_IMPLICIT_RETAIN_SELF = YES;
				CLANG_WARN_OBJC_LITERAL_CONVERSION = YES;
				CLANG_WARN_OBJC_ROOT_CLASS = YES_ERROR;
				CLANG_WARN_RANGE_LOOP_ANALYSIS = YES;
				CLANG_WARN_STRICT_PROTOTYPES = YES;
				CLANG_WARN_SUSPICIOUS_MOVE = YES;
				CLANG_WARN_UNGUARDED_AVAILABILITY = YES_AGGRESSIVE;
				CLANG_WARN_UNREACHABLE_CODE = YES;
				CLANG_WARN__DUPLICATE_METHOD_MATCH = YES;
				CODE_SIGN_IDENTITY = "iPhone Developer";
				COPY_PHASE_STRIP = NO;
				DEBUG_INFORMATION_FORMAT = dwarf;
				ENABLE_STRICT_OBJC_MSGSEND = YES;
				ENABLE_TESTABILITY = YES;
				GCC_C_LANGUAGE_STANDARD = gnu11;
				GCC_DYNAMIC_NO_PIC = NO;
				GCC_NO_COMMON_BLOCKS = YES;
				GCC_OPTIMIZATION_LEVEL = 0;
				GCC_PREPROCESSOR_DEFINITIONS = (
					"DEBUG=1",
					"$(inherited)",
				);
				GCC_WARN_64_TO_32_BIT_CONVERSION = YES;
				GCC_WARN_ABOUT_RETURN_TYPE = YES_ERROR;
				GCC_WARN_UNDECLARED_SELECTOR = YES;
				GCC_WARN_UNINITIALIZED_AUTOS = YES_AGGRESSIVE;
				GCC_WARN_UNUSED_FUNCTION = YES;
				GCC_WARN_UNUSED_VARIABLE = YES;
				IPHONEOS_DEPLOYMENT_TARGET = 12.0;
				MTL_ENABLE_DEBUG_INFO = INCLUDE_SOURCE;
				MTL_FAST_MATH = YES;
				ONLY_ACTIVE_ARCH = YES;
				SDKROOT = iphoneos;
				SWIFT_ACTIVE_COMPILATION_CONDITIONS = DEBUG;
				SWIFT_OPTIMIZATION_LEVEL = "-Onone";
			};
			name = Debug;
		};
		1305A3A221DA6D0D00FEE4DC /* Release */ = {
			isa = XCBuildConfiguration;
			buildSettings = {
				ALWAYS_SEARCH_USER_PATHS = NO;
				CLANG_ANALYZER_NONNULL = YES;
				CLANG_ANALYZER_NUMBER_OBJECT_CONVERSION = YES_AGGRESSIVE;
				CLANG_CXX_LANGUAGE_STANDARD = "gnu++14";
				CLANG_CXX_LIBRARY = "libc++";
				CLANG_ENABLE_MODULES = YES;
				CLANG_ENABLE_OBJC_ARC = YES;
				CLANG_ENABLE_OBJC_WEAK = YES;
				CLANG_WARN_BLOCK_CAPTURE_AUTORELEASING = YES;
				CLANG_WARN_BOOL_CONVERSION = YES;
				CLANG_WARN_COMMA = YES;
				CLANG_WARN_CONSTANT_CONVERSION = YES;
				CLANG_WARN_DEPRECATED_OBJC_IMPLEMENTATIONS = YES;
				CLANG_WARN_DIRECT_OBJC_ISA_USAGE = YES_ERROR;
				CLANG_WARN_DOCUMENTATION_COMMENTS = YES;
				CLANG_WARN_EMPTY_BODY = YES;
				CLANG_WARN_ENUM_CONVERSION = YES;
				CLANG_WARN_INFINITE_RECURSION = YES;
				CLANG_WARN_INT_CONVERSION = YES;
				CLANG_WARN_NON_LITERAL_NULL_CONVERSION = YES;
				CLANG_WARN_OBJC_IMPLICIT_RETAIN_SELF = YES;
				CLANG_WARN_OBJC_LITERAL_CONVERSION = YES;
				CLANG_WARN_OBJC_ROOT_CLASS = YES_ERROR;
				CLANG_WARN_RANGE_LOOP_ANALYSIS = YES;
				CLANG_WARN_STRICT_PROTOTYPES = YES;
				CLANG_WARN_SUSPICIOUS_MOVE = YES;
				CLANG_WARN_UNGUARDED_AVAILABILITY = YES_AGGRESSIVE;
				CLANG_WARN_UNREACHABLE_CODE = YES;
				CLANG_WARN__DUPLICATE_METHOD_MATCH = YES;
				CODE_SIGN_IDENTITY = "iPhone Developer";
				COPY_PHASE_STRIP = NO;
				DEBUG_INFORMATION_FORMAT = "dwarf-with-dsym";
				ENABLE_NS_ASSERTIONS = NO;
				ENABLE_STRICT_OBJC_MSGSEND = YES;
				GCC_C_LANGUAGE_STANDARD = gnu11;
				GCC_NO_COMMON_BLOCKS = YES;
				GCC_WARN_64_TO_32_BIT_CONVERSION = YES;
				GCC_WARN_ABOUT_RETURN_TYPE = YES_ERROR;
				GCC_WARN_UNDECLARED_SELECTOR = YES;
				GCC_WARN_UNINITIALIZED_AUTOS = YES_AGGRESSIVE;
				GCC_WARN_UNUSED_FUNCTION = YES;
				GCC_WARN_UNUSED_VARIABLE = YES;
				IPHONEOS_DEPLOYMENT_TARGET = 12.0;
				MTL_ENABLE_DEBUG_INFO = NO;
				MTL_FAST_MATH = YES;
				SDKROOT = iphoneos;
				SWIFT_COMPILATION_MODE = wholemodule;
				SWIFT_OPTIMIZATION_LEVEL = "-O";
				VALIDATE_PRODUCT = YES;
			};
			name = Release;
		};
		1305A3A421DA6D0D00FEE4DC /* Debug */ = {
			isa = XCBuildConfiguration;
			buildSettings = {
				ASSETCATALOG_COMPILER_APPICON_NAME = AppIcon;
				CODE_SIGN_STYLE = Automatic;
				DEVELOPMENT_TEAM = C28AUZFFMX;
				INFOPLIST_FILE = dippa_store2/Info.plist;
				LD_RUNPATH_SEARCH_PATHS = (
					"$(inherited)",
					"@executable_path/Frameworks",
				);
				PRODUCT_BUNDLE_IDENTIFIER = "jp.corp.hone.dev11.dippa-store2";
				PRODUCT_NAME = "$(TARGET_NAME)";
				SWIFT_VERSION = 4.2;
				TARGETED_DEVICE_FAMILY = "1,2";
			};
			name = Debug;
		};
		1305A3A521DA6D0D00FEE4DC /* Release */ = {
			isa = XCBuildConfiguration;
			buildSettings = {
				ASSETCATALOG_COMPILER_APPICON_NAME = AppIcon;
				CODE_SIGN_STYLE = Automatic;
				DEVELOPMENT_TEAM = C28AUZFFMX;
				INFOPLIST_FILE = dippa_store2/Info.plist;
				LD_RUNPATH_SEARCH_PATHS = (
					"$(inherited)",
					"@executable_path/Frameworks",
				);
				PRODUCT_BUNDLE_IDENTIFIER = "jp.corp.hone.dev11.dippa-store2";
				PRODUCT_NAME = "$(TARGET_NAME)";
				SWIFT_VERSION = 4.2;
				TARGETED_DEVICE_FAMILY = "1,2";
			};
			name = Release;
		};
/* End XCBuildConfiguration section */

/* Begin XCConfigurationList section */
		1305A38A21DA6D0A00FEE4DC /* Build configuration list for PBXProject "dippa_store2" */ = {
			isa = XCConfigurationList;
			buildConfigurations = (
				1305A3A121DA6D0D00FEE4DC /* Debug */,
				1305A3A221DA6D0D00FEE4DC /* Release */,
			);
			defaultConfigurationIsVisible = 0;
			defaultConfigurationName = Release;
		};
		1305A3A321DA6D0D00FEE4DC /* Build configuration list for PBXNativeTarget "dippa_store2" */ = {
			isa = XCConfigurationList;
			buildConfigurations = (
				1305A3A421DA6D0D00FEE4DC /* Debug */,
				1305A3A521DA6D0D00FEE4DC /* Release */,
			);
			defaultConfigurationIsVisible = 0;
			defaultConfigurationName = Release;
		};
/* End XCConfigurationList section */
	};
	rootObject = 1305A38721DA6D0A00FEE4DC /* Project object */;
}
